
Microsoft Visual Studio Solution File, Format Version 12.00
# Visual Studio 2013
VisualStudioVersion = 12.0.31101.0
MinimumVisualStudioVersion = 10.0.40219.1
Project("{FAE04EC0-301F-11D3-BF4B-00C04F79EFBC}") = "LORE.Console", "LORE.Console\LORE.Console.csproj", "{31FFA98B-A0BB-466E-AE8C-8973991E0CC7}"
EndProject
Project("{2150E333-8FDC-42A3-9474-1A3956D46DE8}") = "UI", "UI", "{F8621943-59A3-4FCC-9C15-FAF19112D42B}"
EndProject
Project("{2150E333-8FDC-42A3-9474-1A3956D46DE8}") = "Entities", "Entities", "{64C28BB2-8428-4D1D-B6C9-97B1D7E5ECC5}"
EndProject
Project("{FAE04EC0-301F-11D3-BF4B-00C04F79EFBC}") = "LORE.Entities", "LORE.Entities\LORE.Entities.csproj", "{9F98D11D-D9E1-4627-92B7-7973982F9698}"
EndProject
Project("{2150E333-8FDC-42A3-9474-1A3956D46DE8}") = "Common", "Common", "{053C3C3A-DB74-4994-AB98-59503D93606B}"
EndProject
Project("{FAE04EC0-301F-11D3-BF4B-00C04F79EFBC}") = "LORE.Common", "LORE.Common\LORE.Common.csproj", "{518DB6C7-3EEB-4832-A0EE-14C64FD5A36C}"
EndProject
Project("{FAE04EC0-301F-11D3-BF4B-00C04F79EFBC}") = "LORE.WebApi", "LORE.WebApi\LORE.WebApi.csproj", "{27121A98-A846-4960-AF6B-E890CE859A54}"
EndProject
Project("{FAE04EC0-301F-11D3-BF4B-00C04F79EFBC}") = "LORE.WebApi.Services", "LORE.WebApi.Services\LORE.WebApi.Services.csproj", "{B770BB00-F70F-41E9-8E79-5FC1FDAA90D0}"
EndProject
Project("{FAE04EC0-301F-11D3-BF4B-00C04F79EFBC}") = "LORE.WebApi.Objects", "LORE.WebApi.Objects\LORE.WebApi.Objects.csproj", "{70032A42-7F6E-43C2-BE41-21FEC4747C92}"
EndProject
Project("{2150E333-8FDC-42A3-9474-1A3956D46DE8}") = "Common", "Common", "{2E94C69D-D59C-4C1B-B7F0-9A62918DE775}"
EndProject
Global
	GlobalSection(SolutionConfigurationPlatforms) = preSolution
		Debug|Any CPU = Debug|Any CPU
		Release|Any CPU = Release|Any CPU
	EndGlobalSection
	GlobalSection(ProjectConfigurationPlatforms) = postSolution
		{31FFA98B-A0BB-466E-AE8C-8973991E0CC7}.Debug|Any CPU.ActiveCfg = Debug|Any CPU
		{31FFA98B-A0BB-466E-AE8C-8973991E0CC7}.Debug|Any CPU.Build.0 = Debug|Any CPU
		{31FFA98B-A0BB-466E-AE8C-8973991E0CC7}.Release|Any CPU.ActiveCfg = Release|Any CPU
		{31FFA98B-A0BB-466E-AE8C-8973991E0CC7}.Release|Any CPU.Build.0 = Release|Any CPU
		{9F98D11D-D9E1-4627-92B7-7973982F9698}.Debug|Any CPU.ActiveCfg = Debug|Any CPU
		{9F98D11D-D9E1-4627-92B7-7973982F9698}.Debug|Any CPU.Build.0 = Debug|Any CPU
		{9F98D11D-D9E1-4627-92B7-7973982F9698}.Release|Any CPU.ActiveCfg = Release|Any CPU
		{9F98D11D-D9E1-4627-92B7-7973982F9698}.Release|Any CPU.Build.0 = Release|Any CPU
		{518DB6C7-3EEB-4832-A0EE-14C64FD5A36C}.Debug|Any CPU.ActiveCfg = Debug|Any CPU
		{518DB6C7-3EEB-4832-A0EE-14C64FD5A36C}.Debug|Any CPU.Build.0 = Debug|Any CPU
		{518DB6C7-3EEB-4832-A0EE-14C64FD5A36C}.Release|Any CPU.ActiveCfg = Release|Any CPU
		{518DB6C7-3EEB-4832-A0EE-14C64FD5A36C}.Release|Any CPU.Build.0 = Release|Any CPU
		{27121A98-A846-4960-AF6B-E890CE859A54}.Debug|Any CPU.ActiveCfg = Debug|Any CPU
		{27121A98-A846-4960-AF6B-E890CE859A54}.Debug|Any CPU.Build.0 = Debug|Any CPU
		{27121A98-A846-4960-AF6B-E890CE859A54}.Release|Any CPU.ActiveCfg = Release|Any CPU
		{27121A98-A846-4960-AF6B-E890CE859A54}.Release|Any CPU.Build.0 = Release|Any CPU
		{B770BB00-F70F-41E9-8E79-5FC1FDAA90D0}.Debug|Any CPU.ActiveCfg = Debug|Any CPU
		{B770BB00-F70F-41E9-8E79-5FC1FDAA90D0}.Debug|Any CPU.Build.0 = Debug|Any CPU
		{B770BB00-F70F-41E9-8E79-5FC1FDAA90D0}.Release|Any CPU.ActiveCfg = Release|Any CPU
		{B770BB00-F70F-41E9-8E79-5FC1FDAA90D0}.Release|Any CPU.Build.0 = Release|Any CPU
		{70032A42-7F6E-43C2-BE41-21FEC4747C92}.Debug|Any CPU.ActiveCfg = Debug|Any CPU
		{70032A42-7F6E-43C2-BE41-21FEC4747C92}.Debug|Any CPU.Build.0 = Debug|Any CPU
		{70032A42-7F6E-43C2-BE41-21FEC4747C92}.Release|Any CPU.ActiveCfg = Release|Any CPU
		{70032A42-7F6E-43C2-BE41-21FEC4747C92}.Release|Any CPU.Build.0 = Release|Any CPU
	EndGlobalSection
	GlobalSection(SolutionProperties) = preSolution
		HideSolutionNode = FALSE
	EndGlobalSection
	GlobalSection(NestedProjects) = preSolution
		{31FFA98B-A0BB-466E-AE8C-8973991E0CC7} = {F8621943-59A3-4FCC-9C15-FAF19112D42B}
		{9F98D11D-D9E1-4627-92B7-7973982F9698} = {64C28BB2-8428-4D1D-B6C9-97B1D7E5ECC5}
		{518DB6C7-3EEB-4832-A0EE-14C64FD5A36C} = {053C3C3A-DB74-4994-AB98-59503D93606B}
		{27121A98-A846-4960-AF6B-E890CE859A54} = {F8621943-59A3-4FCC-9C15-FAF19112D42B}
		{B770BB00-F70F-41E9-8E79-5FC1FDAA90D0} = {2E94C69D-D59C-4C1B-B7F0-9A62918DE775}
		{70032A42-7F6E-43C2-BE41-21FEC4747C92} = {2E94C69D-D59C-4C1B-B7F0-9A62918DE775}
		{2E94C69D-D59C-4C1B-B7F0-9A62918DE775} = {F8621943-59A3-4FCC-9C15-FAF19112D42B}
	EndGlobalSection
EndGlobal
