
Microsoft Visual Studio Solution File, Format Version 12.00
# Visual Studio 2013
VisualStudioVersion = 12.0.31101.0
MinimumVisualStudioVersion = 10.0.40219.1
Project("{FAE04EC0-301F-11D3-BF4B-00C04F79EFBC}") = "LORE.Console", "LORE.Console\LORE.Console.csproj", "{31FFA98B-A0BB-466E-AE8C-8973991E0CC7}"
EndProject
Project("{2150E333-8FDC-42A3-9474-1A3956D46DE8}") = "UI", "UI", "{F8621943-59A3-4FCC-9C15-FAF19112D42B}"
EndProject
Project("{FAE04EC0-301F-11D3-BF4B-00C04F79EFBC}") = "LORE.Entities", "LORE.Entities\LORE.Entities.csproj", "{9F98D11D-D9E1-4627-92B7-7973982F9698}"
EndProject
Project("{2150E333-8FDC-42A3-9474-1A3956D46DE8}") = "Common", "Common", "{053C3C3A-DB74-4994-AB98-59503D93606B}"
EndProject
Project("{FAE04EC0-301F-11D3-BF4B-00C04F79EFBC}") = "LORE.WebApi", "LORE.WebApi\LORE.WebApi.csproj", "{27121A98-A846-4960-AF6B-E890CE859A54}"
EndProject
Project("{FAE04EC0-301F-11D3-BF4B-00C04F79EFBC}") = "LORE.WebApi.Services", "LORE.WebApi.Services\LORE.WebApi.Services.csproj", "{B770BB00-F70F-41E9-8E79-5FC1FDAA90D0}"
EndProject
Project("{FAE04EC0-301F-11D3-BF4B-00C04F79EFBC}") = "LORE.WebApi.Objects", "LORE.WebApi.Objects\LORE.WebApi.Objects.csproj", "{70032A42-7F6E-43C2-BE41-21FEC4747C92}"
EndProject
Project("{2150E333-8FDC-42A3-9474-1A3956D46DE8}") = "Common", "Common", "{2E94C69D-D59C-4C1B-B7F0-9A62918DE775}"
EndProject
Project("{FAE04EC0-301F-11D3-BF4B-00C04F79EFBC}") = "LORE.MiddeTier", "LORE.MiddeTier\LORE.MiddeTier.csproj", "{5C18C581-E329-4A3E-A27A-EB6B71B46EE9}"
EndProject
Project("{2150E333-8FDC-42A3-9474-1A3956D46DE8}") = "MiddleTier", "MiddleTier", "{DCEA4753-4C0B-43D3-B10F-C8C4F07EFEAA}"
EndProject
Project("{2150E333-8FDC-42A3-9474-1A3956D46DE8}") = "Persistence", "Persistence", "{6D17CDF5-82AF-46E4-ADE6-D64BA198D5B1}"
EndProject
Project("{FAE04EC0-301F-11D3-BF4B-00C04F79EFBC}") = "LORE.Persistence", "LORE.Persistence\LORE.Persistence.csproj", "{E8705F62-7178-4E98-979C-F3E7C9F95874}"
EndProject
Global
	GlobalSection(SolutionConfigurationPlatforms) = preSolution
		Debug|Any CPU = Debug|Any CPU
		Release|Any CPU = Release|Any CPU
	EndGlobalSection
	GlobalSection(ProjectConfigurationPlatforms) = postSolution
		{31FFA98B-A0BB-466E-AE8C-8973991E0CC7}.Debug|Any CPU.ActiveCfg = Debug|Any CPU
		{31FFA98B-A0BB-466E-AE8C-8973991E0CC7}.Debug|Any CPU.Build.0 = Debug|Any CPU
		{31FFA98B-A0BB-466E-AE8C-8973991E0CC7}.Release|Any CPU.ActiveCfg = Release|Any CPU
		{31FFA98B-A0BB-466E-AE8C-8973991E0CC7}.Release|Any CPU.Build.0 = Release|Any CPU
		{9F98D11D-D9E1-4627-92B7-7973982F9698}.Debug|Any CPU.ActiveCfg = Debug|Any CPU
		{9F98D11D-D9E1-4627-92B7-7973982F9698}.Debug|Any CPU.Build.0 = Debug|Any CPU
		{9F98D11D-D9E1-4627-92B7-7973982F9698}.Release|Any CPU.ActiveCfg = Release|Any CPU
		{9F98D11D-D9E1-4627-92B7-7973982F9698}.Release|Any CPU.Build.0 = Release|Any CPU
		{27121A98-A846-4960-AF6B-E890CE859A54}.Debug|Any CPU.ActiveCfg = Debug|Any CPU
		{27121A98-A846-4960-AF6B-E890CE859A54}.Debug|Any CPU.Build.0 = Debug|Any CPU
		{27121A98-A846-4960-AF6B-E890CE859A54}.Release|Any CPU.ActiveCfg = Release|Any CPU
		{27121A98-A846-4960-AF6B-E890CE859A54}.Release|Any CPU.Build.0 = Release|Any CPU
		{B770BB00-F70F-41E9-8E79-5FC1FDAA90D0}.Debug|Any CPU.ActiveCfg = Debug|Any CPU
		{B770BB00-F70F-41E9-8E79-5FC1FDAA90D0}.Debug|Any CPU.Build.0 = Debug|Any CPU
		{B770BB00-F70F-41E9-8E79-5FC1FDAA90D0}.Release|Any CPU.ActiveCfg = Release|Any CPU
		{B770BB00-F70F-41E9-8E79-5FC1FDAA90D0}.Release|Any CPU.Build.0 = Release|Any CPU
		{70032A42-7F6E-43C2-BE41-21FEC4747C92}.Debug|Any CPU.ActiveCfg = Debug|Any CPU
		{70032A42-7F6E-43C2-BE41-21FEC4747C92}.Debug|Any CPU.Build.0 = Debug|Any CPU
		{70032A42-7F6E-43C2-BE41-21FEC4747C92}.Release|Any CPU.ActiveCfg = Release|Any CPU
		{70032A42-7F6E-43C2-BE41-21FEC4747C92}.Release|Any CPU.Build.0 = Release|Any CPU
		{5C18C581-E329-4A3E-A27A-EB6B71B46EE9}.Debug|Any CPU.ActiveCfg = Debug|Any CPU
		{5C18C581-E329-4A3E-A27A-EB6B71B46EE9}.Debug|Any CPU.Build.0 = Debug|Any CPU
		{5C18C581-E329-4A3E-A27A-EB6B71B46EE9}.Release|Any CPU.ActiveCfg = Release|Any CPU
		{5C18C581-E329-4A3E-A27A-EB6B71B46EE9}.Release|Any CPU.Build.0 = Release|Any CPU
		{E8705F62-7178-4E98-979C-F3E7C9F95874}.Debug|Any CPU.ActiveCfg = Debug|Any CPU
		{E8705F62-7178-4E98-979C-F3E7C9F95874}.Debug|Any CPU.Build.0 = Debug|Any CPU
		{E8705F62-7178-4E98-979C-F3E7C9F95874}.Release|Any CPU.ActiveCfg = Release|Any CPU
		{E8705F62-7178-4E98-979C-F3E7C9F95874}.Release|Any CPU.Build.0 = Release|Any CPU
	EndGlobalSection
	GlobalSection(SolutionProperties) = preSolution
		HideSolutionNode = FALSE
	EndGlobalSection
	GlobalSection(NestedProjects) = preSolution
		{31FFA98B-A0BB-466E-AE8C-8973991E0CC7} = {F8621943-59A3-4FCC-9C15-FAF19112D42B}
		{9F98D11D-D9E1-4627-92B7-7973982F9698} = {053C3C3A-DB74-4994-AB98-59503D93606B}
		{27121A98-A846-4960-AF6B-E890CE859A54} = {F8621943-59A3-4FCC-9C15-FAF19112D42B}
		{B770BB00-F70F-41E9-8E79-5FC1FDAA90D0} = {2E94C69D-D59C-4C1B-B7F0-9A62918DE775}
		{70032A42-7F6E-43C2-BE41-21FEC4747C92} = {2E94C69D-D59C-4C1B-B7F0-9A62918DE775}
		{2E94C69D-D59C-4C1B-B7F0-9A62918DE775} = {F8621943-59A3-4FCC-9C15-FAF19112D42B}
		{5C18C581-E329-4A3E-A27A-EB6B71B46EE9} = {DCEA4753-4C0B-43D3-B10F-C8C4F07EFEAA}
		{E8705F62-7178-4E98-979C-F3E7C9F95874} = {6D17CDF5-82AF-46E4-ADE6-D64BA198D5B1}
	EndGlobalSection
EndGlobal
